
Microsoft Visual Studio Solution File, Format Version 12.00
# Visual Studio 15
VisualStudioVersion = 15.0.28307.645
MinimumVisualStudioVersion = 10.0.40219.1
Project("{FAE04EC0-301F-11D3-BF4B-00C04F79EFBC}") = "MyServer", "MyServer\MyServer.csproj", "{8E064B6C-075C-45A7-969D-81CD07306A7E}"
EndProject
Project("{FAE04EC0-301F-11D3-BF4B-00C04F79EFBC}") = "Server", "Server\Server.csproj", "{C2239400-D7DE-40A9-91AB-99AB1A96EF3F}"
EndProject
Project("{FAE04EC0-301F-11D3-BF4B-00C04F79EFBC}") = "UnityNetwork", "UnityNetwork\UnityNetwork.csproj", "{099D642A-F36F-4E8B-81F4-9A8B63CC5416}"
EndProject
Global
	GlobalSection(SolutionConfigurationPlatforms) = preSolution
		Debug|Any CPU = Debug|Any CPU
		Release|Any CPU = Release|Any CPU
	EndGlobalSection
	GlobalSection(ProjectConfigurationPlatforms) = postSolution
		{8E064B6C-075C-45A7-969D-81CD07306A7E}.Debug|Any CPU.ActiveCfg = Debug|Any CPU
		{8E064B6C-075C-45A7-969D-81CD07306A7E}.Debug|Any CPU.Build.0 = Debug|Any CPU
		{8E064B6C-075C-45A7-969D-81CD07306A7E}.Release|Any CPU.ActiveCfg = Release|Any CPU
		{8E064B6C-075C-45A7-969D-81CD07306A7E}.Release|Any CPU.Build.0 = Release|Any CPU
		{C2239400-D7DE-40A9-91AB-99AB1A96EF3F}.Debug|Any CPU.ActiveCfg = Debug|Any CPU
		{C2239400-D7DE-40A9-91AB-99AB1A96EF3F}.Debug|Any CPU.Build.0 = Debug|Any CPU
		{C2239400-D7DE-40A9-91AB-99AB1A96EF3F}.Release|Any CPU.ActiveCfg = Release|Any CPU
		{C2239400-D7DE-40A9-91AB-99AB1A96EF3F}.Release|Any CPU.Build.0 = Release|Any CPU
		{099D642A-F36F-4E8B-81F4-9A8B63CC5416}.Debug|Any CPU.ActiveCfg = Debug|Any CPU
		{099D642A-F36F-4E8B-81F4-9A8B63CC5416}.Debug|Any CPU.Build.0 = Debug|Any CPU
		{099D642A-F36F-4E8B-81F4-9A8B63CC5416}.Release|Any CPU.ActiveCfg = Release|Any CPU
		{099D642A-F36F-4E8B-81F4-9A8B63CC5416}.Release|Any CPU.Build.0 = Release|Any CPU
	EndGlobalSection
	GlobalSection(SolutionProperties) = preSolution
		HideSolutionNode = FALSE
	EndGlobalSection
	GlobalSection(ExtensibilityGlobals) = postSolution
		SolutionGuid = {EEBF6EDF-8F95-42E6-8F8C-102798EA0977}
	EndGlobalSection
EndGlobal
